
Microsoft Visual Studio Solution File, Format Version 12.00
# Visual Studio 15
VisualStudioVersion = 15.0.26730.16
MinimumVisualStudioVersion = 10.0.40219.1
Project("{FAE04EC0-301F-11D3-BF4B-00C04F79EFBC}") = "Project.Domain", "Project.Domain\Project.Domain.csproj", "{29B208B5-B7FF-44D5-AEC2-ED2DF884B4F1}"
EndProject
Project("{FAE04EC0-301F-11D3-BF4B-00C04F79EFBC}") = "Project.Http", "Project.Http\Project.Http.csproj", "{D1881CDF-6CD5-4DD2-9CAB-3B3F7BC36019}"
EndProject
Project("{262852C6-CD72-467D-83FE-5EEB1973A190}") = "Project.Mobile", "Project.Mobile\Project.Mobile.jsproj", "{926A76F6-E323-4A81-BAED-303755574BEC}"
EndProject
Project("{FAE04EC0-301F-11D3-BF4B-00C04F79EFBC}") = "Project.Test", "Project.Test\Project.Test.csproj", "{FCD748F9-CB60-4487-8E10-97B087DC132B}"
EndProject
Project("{FAE04EC0-301F-11D3-BF4B-00C04F79EFBC}") = "Project.UI", "Project.UI\Project.UI.csproj", "{FA5D348C-BF3D-463C-82DC-4FD12E38ABA9}"
EndProject
Global
	GlobalSection(SolutionConfigurationPlatforms) = preSolution
		Debug|Android = Debug|Android
		Debug|Any CPU = Debug|Any CPU
		Debug|iOS = Debug|iOS
		Debug|Windows-ARM = Debug|Windows-ARM
		Debug|Windows-x64 = Debug|Windows-x64
		Debug|Windows-x86 = Debug|Windows-x86
		Release|Android = Release|Android
		Release|Any CPU = Release|Any CPU
		Release|iOS = Release|iOS
		Release|Windows-ARM = Release|Windows-ARM
		Release|Windows-x64 = Release|Windows-x64
		Release|Windows-x86 = Release|Windows-x86
	EndGlobalSection
	GlobalSection(ProjectConfigurationPlatforms) = postSolution
		{29B208B5-B7FF-44D5-AEC2-ED2DF884B4F1}.Debug|Android.ActiveCfg = Debug|Any CPU
		{29B208B5-B7FF-44D5-AEC2-ED2DF884B4F1}.Debug|Android.Build.0 = Debug|Any CPU
		{29B208B5-B7FF-44D5-AEC2-ED2DF884B4F1}.Debug|Any CPU.ActiveCfg = Debug|Any CPU
		{29B208B5-B7FF-44D5-AEC2-ED2DF884B4F1}.Debug|Any CPU.Build.0 = Debug|Any CPU
		{29B208B5-B7FF-44D5-AEC2-ED2DF884B4F1}.Debug|iOS.ActiveCfg = Debug|Any CPU
		{29B208B5-B7FF-44D5-AEC2-ED2DF884B4F1}.Debug|iOS.Build.0 = Debug|Any CPU
		{29B208B5-B7FF-44D5-AEC2-ED2DF884B4F1}.Debug|Windows-ARM.ActiveCfg = Debug|Any CPU
		{29B208B5-B7FF-44D5-AEC2-ED2DF884B4F1}.Debug|Windows-ARM.Build.0 = Debug|Any CPU
		{29B208B5-B7FF-44D5-AEC2-ED2DF884B4F1}.Debug|Windows-x64.ActiveCfg = Debug|Any CPU
		{29B208B5-B7FF-44D5-AEC2-ED2DF884B4F1}.Debug|Windows-x64.Build.0 = Debug|Any CPU
		{29B208B5-B7FF-44D5-AEC2-ED2DF884B4F1}.Debug|Windows-x86.ActiveCfg = Debug|Any CPU
		{29B208B5-B7FF-44D5-AEC2-ED2DF884B4F1}.Debug|Windows-x86.Build.0 = Debug|Any CPU
		{29B208B5-B7FF-44D5-AEC2-ED2DF884B4F1}.Release|Android.ActiveCfg = Release|Any CPU
		{29B208B5-B7FF-44D5-AEC2-ED2DF884B4F1}.Release|Android.Build.0 = Release|Any CPU
		{29B208B5-B7FF-44D5-AEC2-ED2DF884B4F1}.Release|Any CPU.ActiveCfg = Release|Any CPU
		{29B208B5-B7FF-44D5-AEC2-ED2DF884B4F1}.Release|Any CPU.Build.0 = Release|Any CPU
		{29B208B5-B7FF-44D5-AEC2-ED2DF884B4F1}.Release|iOS.ActiveCfg = Release|Any CPU
		{29B208B5-B7FF-44D5-AEC2-ED2DF884B4F1}.Release|iOS.Build.0 = Release|Any CPU
		{29B208B5-B7FF-44D5-AEC2-ED2DF884B4F1}.Release|Windows-ARM.ActiveCfg = Release|Any CPU
		{29B208B5-B7FF-44D5-AEC2-ED2DF884B4F1}.Release|Windows-ARM.Build.0 = Release|Any CPU
		{29B208B5-B7FF-44D5-AEC2-ED2DF884B4F1}.Release|Windows-x64.ActiveCfg = Release|Any CPU
		{29B208B5-B7FF-44D5-AEC2-ED2DF884B4F1}.Release|Windows-x64.Build.0 = Release|Any CPU
		{29B208B5-B7FF-44D5-AEC2-ED2DF884B4F1}.Release|Windows-x86.ActiveCfg = Release|Any CPU
		{29B208B5-B7FF-44D5-AEC2-ED2DF884B4F1}.Release|Windows-x86.Build.0 = Release|Any CPU
		{D1881CDF-6CD5-4DD2-9CAB-3B3F7BC36019}.Debug|Android.ActiveCfg = Debug|Any CPU
		{D1881CDF-6CD5-4DD2-9CAB-3B3F7BC36019}.Debug|Android.Build.0 = Debug|Any CPU
		{D1881CDF-6CD5-4DD2-9CAB-3B3F7BC36019}.Debug|Any CPU.ActiveCfg = Debug|Any CPU
		{D1881CDF-6CD5-4DD2-9CAB-3B3F7BC36019}.Debug|Any CPU.Build.0 = Debug|Any CPU
		{D1881CDF-6CD5-4DD2-9CAB-3B3F7BC36019}.Debug|iOS.ActiveCfg = Debug|Any CPU
		{D1881CDF-6CD5-4DD2-9CAB-3B3F7BC36019}.Debug|iOS.Build.0 = Debug|Any CPU
		{D1881CDF-6CD5-4DD2-9CAB-3B3F7BC36019}.Debug|Windows-ARM.ActiveCfg = Debug|Any CPU
		{D1881CDF-6CD5-4DD2-9CAB-3B3F7BC36019}.Debug|Windows-ARM.Build.0 = Debug|Any CPU
		{D1881CDF-6CD5-4DD2-9CAB-3B3F7BC36019}.Debug|Windows-x64.ActiveCfg = Debug|Any CPU
		{D1881CDF-6CD5-4DD2-9CAB-3B3F7BC36019}.Debug|Windows-x64.Build.0 = Debug|Any CPU
		{D1881CDF-6CD5-4DD2-9CAB-3B3F7BC36019}.Debug|Windows-x86.ActiveCfg = Debug|Any CPU
		{D1881CDF-6CD5-4DD2-9CAB-3B3F7BC36019}.Debug|Windows-x86.Build.0 = Debug|Any CPU
		{D1881CDF-6CD5-4DD2-9CAB-3B3F7BC36019}.Release|Android.ActiveCfg = Release|Any CPU
		{D1881CDF-6CD5-4DD2-9CAB-3B3F7BC36019}.Release|Android.Build.0 = Release|Any CPU
		{D1881CDF-6CD5-4DD2-9CAB-3B3F7BC36019}.Release|Any CPU.ActiveCfg = Release|Any CPU
		{D1881CDF-6CD5-4DD2-9CAB-3B3F7BC36019}.Release|Any CPU.Build.0 = Release|Any CPU
		{D1881CDF-6CD5-4DD2-9CAB-3B3F7BC36019}.Release|iOS.ActiveCfg = Release|Any CPU
		{D1881CDF-6CD5-4DD2-9CAB-3B3F7BC36019}.Release|iOS.Build.0 = Release|Any CPU
		{D1881CDF-6CD5-4DD2-9CAB-3B3F7BC36019}.Release|Windows-ARM.ActiveCfg = Release|Any CPU
		{D1881CDF-6CD5-4DD2-9CAB-3B3F7BC36019}.Release|Windows-ARM.Build.0 = Release|Any CPU
		{D1881CDF-6CD5-4DD2-9CAB-3B3F7BC36019}.Release|Windows-x64.ActiveCfg = Release|Any CPU
		{D1881CDF-6CD5-4DD2-9CAB-3B3F7BC36019}.Release|Windows-x64.Build.0 = Release|Any CPU
		{D1881CDF-6CD5-4DD2-9CAB-3B3F7BC36019}.Release|Windows-x86.ActiveCfg = Release|Any CPU
		{D1881CDF-6CD5-4DD2-9CAB-3B3F7BC36019}.Release|Windows-x86.Build.0 = Release|Any CPU
		{926A76F6-E323-4A81-BAED-303755574BEC}.Debug|Android.ActiveCfg = Debug|Android
		{926A76F6-E323-4A81-BAED-303755574BEC}.Debug|Android.Build.0 = Debug|Android
		{926A76F6-E323-4A81-BAED-303755574BEC}.Debug|Android.Deploy.0 = Debug|Android
		{926A76F6-E323-4A81-BAED-303755574BEC}.Debug|Any CPU.ActiveCfg = Debug|Android
		{926A76F6-E323-4A81-BAED-303755574BEC}.Debug|iOS.ActiveCfg = Debug|iOS
		{926A76F6-E323-4A81-BAED-303755574BEC}.Debug|iOS.Build.0 = Debug|iOS
		{926A76F6-E323-4A81-BAED-303755574BEC}.Debug|iOS.Deploy.0 = Debug|iOS
		{926A76F6-E323-4A81-BAED-303755574BEC}.Debug|Windows-ARM.ActiveCfg = Debug|Windows-ARM
		{926A76F6-E323-4A81-BAED-303755574BEC}.Debug|Windows-ARM.Build.0 = Debug|Windows-ARM
		{926A76F6-E323-4A81-BAED-303755574BEC}.Debug|Windows-ARM.Deploy.0 = Debug|Windows-ARM
		{926A76F6-E323-4A81-BAED-303755574BEC}.Debug|Windows-x64.ActiveCfg = Debug|Windows-x64
		{926A76F6-E323-4A81-BAED-303755574BEC}.Debug|Windows-x64.Build.0 = Debug|Windows-x64
		{926A76F6-E323-4A81-BAED-303755574BEC}.Debug|Windows-x64.Deploy.0 = Debug|Windows-x64
		{926A76F6-E323-4A81-BAED-303755574BEC}.Debug|Windows-x86.ActiveCfg = Debug|Windows-x86
		{926A76F6-E323-4A81-BAED-303755574BEC}.Debug|Windows-x86.Build.0 = Debug|Windows-x86
		{926A76F6-E323-4A81-BAED-303755574BEC}.Debug|Windows-x86.Deploy.0 = Debug|Windows-x86
		{926A76F6-E323-4A81-BAED-303755574BEC}.Release|Android.ActiveCfg = Release|Android
		{926A76F6-E323-4A81-BAED-303755574BEC}.Release|Android.Build.0 = Release|Android
		{926A76F6-E323-4A81-BAED-303755574BEC}.Release|Android.Deploy.0 = Release|Android
		{926A76F6-E323-4A81-BAED-303755574BEC}.Release|Any CPU.ActiveCfg = Release|Android
		{926A76F6-E323-4A81-BAED-303755574BEC}.Release|iOS.ActiveCfg = Release|iOS
		{926A76F6-E323-4A81-BAED-303755574BEC}.Release|iOS.Build.0 = Release|iOS
		{926A76F6-E323-4A81-BAED-303755574BEC}.Release|iOS.Deploy.0 = Release|iOS
		{926A76F6-E323-4A81-BAED-303755574BEC}.Release|Windows-ARM.ActiveCfg = Release|Windows-ARM
		{926A76F6-E323-4A81-BAED-303755574BEC}.Release|Windows-ARM.Build.0 = Release|Windows-ARM
		{926A76F6-E323-4A81-BAED-303755574BEC}.Release|Windows-ARM.Deploy.0 = Release|Windows-ARM
		{926A76F6-E323-4A81-BAED-303755574BEC}.Release|Windows-x64.ActiveCfg = Release|Windows-x64
		{926A76F6-E323-4A81-BAED-303755574BEC}.Release|Windows-x64.Build.0 = Release|Windows-x64
		{926A76F6-E323-4A81-BAED-303755574BEC}.Release|Windows-x64.Deploy.0 = Release|Windows-x64
		{926A76F6-E323-4A81-BAED-303755574BEC}.Release|Windows-x86.ActiveCfg = Release|Windows-x86
		{926A76F6-E323-4A81-BAED-303755574BEC}.Release|Windows-x86.Build.0 = Release|Windows-x86
		{926A76F6-E323-4A81-BAED-303755574BEC}.Release|Windows-x86.Deploy.0 = Release|Windows-x86
		{FCD748F9-CB60-4487-8E10-97B087DC132B}.Debug|Android.ActiveCfg = Debug|Any CPU
		{FCD748F9-CB60-4487-8E10-97B087DC132B}.Debug|Android.Build.0 = Debug|Any CPU
		{FCD748F9-CB60-4487-8E10-97B087DC132B}.Debug|Any CPU.ActiveCfg = Debug|Any CPU
		{FCD748F9-CB60-4487-8E10-97B087DC132B}.Debug|Any CPU.Build.0 = Debug|Any CPU
		{FCD748F9-CB60-4487-8E10-97B087DC132B}.Debug|iOS.ActiveCfg = Debug|Any CPU
		{FCD748F9-CB60-4487-8E10-97B087DC132B}.Debug|iOS.Build.0 = Debug|Any CPU
		{FCD748F9-CB60-4487-8E10-97B087DC132B}.Debug|Windows-ARM.ActiveCfg = Debug|Any CPU
		{FCD748F9-CB60-4487-8E10-97B087DC132B}.Debug|Windows-ARM.Build.0 = Debug|Any CPU
		{FCD748F9-CB60-4487-8E10-97B087DC132B}.Debug|Windows-x64.ActiveCfg = Debug|Any CPU
		{FCD748F9-CB60-4487-8E10-97B087DC132B}.Debug|Windows-x64.Build.0 = Debug|Any CPU
		{FCD748F9-CB60-4487-8E10-97B087DC132B}.Debug|Windows-x86.ActiveCfg = Debug|Any CPU
		{FCD748F9-CB60-4487-8E10-97B087DC132B}.Debug|Windows-x86.Build.0 = Debug|Any CPU
		{FCD748F9-CB60-4487-8E10-97B087DC132B}.Release|Android.ActiveCfg = Release|Any CPU
		{FCD748F9-CB60-4487-8E10-97B087DC132B}.Release|Android.Build.0 = Release|Any CPU
		{FCD748F9-CB60-4487-8E10-97B087DC132B}.Release|Any CPU.ActiveCfg = Release|Any CPU
		{FCD748F9-CB60-4487-8E10-97B087DC132B}.Release|Any CPU.Build.0 = Release|Any CPU
		{FCD748F9-CB60-4487-8E10-97B087DC132B}.Release|iOS.ActiveCfg = Release|Any CPU
		{FCD748F9-CB60-4487-8E10-97B087DC132B}.Release|iOS.Build.0 = Release|Any CPU
		{FCD748F9-CB60-4487-8E10-97B087DC132B}.Release|Windows-ARM.ActiveCfg = Release|Any CPU
		{FCD748F9-CB60-4487-8E10-97B087DC132B}.Release|Windows-ARM.Build.0 = Release|Any CPU
		{FCD748F9-CB60-4487-8E10-97B087DC132B}.Release|Windows-x64.ActiveCfg = Release|Any CPU
		{FCD748F9-CB60-4487-8E10-97B087DC132B}.Release|Windows-x64.Build.0 = Release|Any CPU
		{FCD748F9-CB60-4487-8E10-97B087DC132B}.Release|Windows-x86.ActiveCfg = Release|Any CPU
		{FCD748F9-CB60-4487-8E10-97B087DC132B}.Release|Windows-x86.Build.0 = Release|Any CPU
		{FA5D348C-BF3D-463C-82DC-4FD12E38ABA9}.Debug|Android.ActiveCfg = Debug|Any CPU
		{FA5D348C-BF3D-463C-82DC-4FD12E38ABA9}.Debug|Android.Build.0 = Debug|Any CPU
		{FA5D348C-BF3D-463C-82DC-4FD12E38ABA9}.Debug|Any CPU.ActiveCfg = Debug|Any CPU
		{FA5D348C-BF3D-463C-82DC-4FD12E38ABA9}.Debug|Any CPU.Build.0 = Debug|Any CPU
		{FA5D348C-BF3D-463C-82DC-4FD12E38ABA9}.Debug|iOS.ActiveCfg = Debug|Any CPU
		{FA5D348C-BF3D-463C-82DC-4FD12E38ABA9}.Debug|iOS.Build.0 = Debug|Any CPU
		{FA5D348C-BF3D-463C-82DC-4FD12E38ABA9}.Debug|Windows-ARM.ActiveCfg = Debug|Any CPU
		{FA5D348C-BF3D-463C-82DC-4FD12E38ABA9}.Debug|Windows-ARM.Build.0 = Debug|Any CPU
		{FA5D348C-BF3D-463C-82DC-4FD12E38ABA9}.Debug|Windows-x64.ActiveCfg = Debug|Any CPU
		{FA5D348C-BF3D-463C-82DC-4FD12E38ABA9}.Debug|Windows-x64.Build.0 = Debug|Any CPU
		{FA5D348C-BF3D-463C-82DC-4FD12E38ABA9}.Debug|Windows-x86.ActiveCfg = Debug|Any CPU
		{FA5D348C-BF3D-463C-82DC-4FD12E38ABA9}.Debug|Windows-x86.Build.0 = Debug|Any CPU
		{FA5D348C-BF3D-463C-82DC-4FD12E38ABA9}.Release|Android.ActiveCfg = Release|Any CPU
		{FA5D348C-BF3D-463C-82DC-4FD12E38ABA9}.Release|Android.Build.0 = Release|Any CPU
		{FA5D348C-BF3D-463C-82DC-4FD12E38ABA9}.Release|Any CPU.ActiveCfg = Release|Any CPU
		{FA5D348C-BF3D-463C-82DC-4FD12E38ABA9}.Release|Any CPU.Build.0 = Release|Any CPU
		{FA5D348C-BF3D-463C-82DC-4FD12E38ABA9}.Release|iOS.ActiveCfg = Release|Any CPU
		{FA5D348C-BF3D-463C-82DC-4FD12E38ABA9}.Release|iOS.Build.0 = Release|Any CPU
		{FA5D348C-BF3D-463C-82DC-4FD12E38ABA9}.Release|Windows-ARM.ActiveCfg = Release|Any CPU
		{FA5D348C-BF3D-463C-82DC-4FD12E38ABA9}.Release|Windows-ARM.Build.0 = Release|Any CPU
		{FA5D348C-BF3D-463C-82DC-4FD12E38ABA9}.Release|Windows-x64.ActiveCfg = Release|Any CPU
		{FA5D348C-BF3D-463C-82DC-4FD12E38ABA9}.Release|Windows-x64.Build.0 = Release|Any CPU
		{FA5D348C-BF3D-463C-82DC-4FD12E38ABA9}.Release|Windows-x86.ActiveCfg = Release|Any CPU
		{FA5D348C-BF3D-463C-82DC-4FD12E38ABA9}.Release|Windows-x86.Build.0 = Release|Any CPU
	EndGlobalSection
	GlobalSection(SolutionProperties) = preSolution
		HideSolutionNode = FALSE
	EndGlobalSection
	GlobalSection(ExtensibilityGlobals) = postSolution
		SolutionGuid = {84135A8C-2A41-452E-8C5B-C49258EDE15D}
	EndGlobalSection
EndGlobal
